# Generated by buf. DO NOT EDIT.
version: v1
deps:
  - remote: buf.build
    owner: bufbuild
    repository: protovalidate
    commit: 0409229c37804d6187ee0806eb4eebce
    digest: shake256:9939db9aafaf6ae5f3b6e68cd9358d647fe1ff07ac221e2d533dd8c199973db8fb86dbc8e1bb291812309a3c43cf4ec11df06b3bf1c2a0f2f14dfecef0a0f8ec
